
Microsoft Visual Studio Solution File, Format Version 12.00
# Visual Studio Version 17
VisualStudioVersion = 17.1.32228.430
MinimumVisualStudioVersion = 10.0.40219.1
Project("{8BC9CEB8-8B4A-11D0-8D11-00A0C91BC942}") = "newobj", "project\newobj.vcxproj", "{7FC39ECA-9124-4CC0-AB37-5781B88B7701}"
	ProjectSection(ProjectDependencies) = postProject
		{7A937FF5-A616-46DB-A9E0-0E5F28E99EF5} = {7A937FF5-A616-46DB-A9E0-0E5F28E99EF5}
		{C2C0256F-09B1-4A4B-8B37-981E4A34E34A} = {C2C0256F-09B1-4A4B-8B37-981E4A34E34A}
		{D73A44FF-8818-41EC-8A8E-C36280F0832C} = {D73A44FF-8818-41EC-8A8E-C36280F0832C}
	EndProjectSection
EndProject
Project("{2150E333-8FDC-42A3-9474-1A3956D46DE8}") = "thirdparty", "thirdparty", "{F17F74D1-B71F-439D-A98B-FDE6D9A614B2}"
EndProject
Project("{8BC9CEB8-8B4A-11D0-8D11-00A0C91BC942}") = "rpclib", "thirdparty\rpclib\rpclib.vcxproj", "{2B90DACD-68A1-413D-9A2C-D3B4481232E0}"
EndProject
Project("{2150E333-8FDC-42A3-9474-1A3956D46DE8}") = "module", "module", "{100B4EEA-50FC-44A5-B8D2-4A1B95A409DB}"
EndProject
Project("{8BC9CEB8-8B4A-11D0-8D11-00A0C91BC942}") = "leveldb", "thirdparty\leveldb\leveldb.vcxproj", "{E3F7325E-B07B-402B-912D-AB5FD888C8A1}"
EndProject
Project("{8BC9CEB8-8B4A-11D0-8D11-00A0C91BC942}") = "qt", "module\qt\qt.vcxproj", "{13E7A671-0774-41C0-A87F-EDE6D8F50476}"
EndProject
Project("{8BC9CEB8-8B4A-11D0-8D11-00A0C91BC942}") = "network", "module\network\network.vcxproj", "{2B274465-8163-4463-8085-71AC01385702}"
EndProject
Project("{8BC9CEB8-8B4A-11D0-8D11-00A0C91BC942}") = "curl", "thirdparty\curl\curl.vcxproj", "{C25448EE-6B1E-4CCA-98B5-1D30531295CC}"
EndProject
Project("{8BC9CEB8-8B4A-11D0-8D11-00A0C91BC942}") = "libzip", "thirdparty\libzip\libzip.vcxproj", "{12DE41A8-0791-4627-A952-5D7C6F2D2228}"
EndProject
Project("{8BC9CEB8-8B4A-11D0-8D11-00A0C91BC942}") = "zlib", "thirdparty\zlib\zlib.vcxproj", "{C2C0256F-09B1-4A4B-8B37-981E4A34E34A}"
EndProject
Project("{8BC9CEB8-8B4A-11D0-8D11-00A0C91BC942}") = "lua", "thirdparty\lua\lua.vcxproj", "{5FDD5E30-017D-4CEC-AECC-4047824BCDA0}"
EndProject
Project("{8BC9CEB8-8B4A-11D0-8D11-00A0C91BC942}") = "mysql", "thirdparty\mysql\mysql.vcxproj", "{A2A2A23B-A114-4132-B27F-3FBB16D1AD2A}"
EndProject
Project("{8BC9CEB8-8B4A-11D0-8D11-00A0C91BC942}") = "redis", "thirdparty\redis\redis.vcxproj", "{07D1C82D-E102-4E1C-8B51-DF3B37A6BE98}"
EndProject
Project("{8BC9CEB8-8B4A-11D0-8D11-00A0C91BC942}") = "sqlite3", "thirdparty\sqlite3\sqlite3.vcxproj", "{7A937FF5-A616-46DB-A9E0-0E5F28E99EF5}"
EndProject
Project("{8BC9CEB8-8B4A-11D0-8D11-00A0C91BC942}") = "mimalloc", "thirdparty\mimalloc\mimalloc.vcxproj", "{D24BFE60-E3A5-483A-8D38-CDBAE9EDA5DB}"
EndProject
Project("{8BC9CEB8-8B4A-11D0-8D11-00A0C91BC942}") = "hpsocket", "thirdparty\hpsocket\Project\HPSocketLIB-2019\HPSocketLIB.vcxproj", "{D73A44FF-8818-41EC-8A8E-C36280F0832C}"
EndProject
Global
	GlobalSection(SolutionConfigurationPlatforms) = preSolution
		D_2010|x64 = D_2010|x64
		D_2010|x86 = D_2010|x86
		D_2019|x64 = D_2019|x64
		D_2019|x86 = D_2019|x86
		R_2010_MT|x64 = R_2010_MT|x64
		R_2010_MT|x86 = R_2010_MT|x86
		R_2010|x64 = R_2010|x64
		R_2010|x86 = R_2010|x86
		R_2019_MT|x64 = R_2019_MT|x64
		R_2019_MT|x86 = R_2019_MT|x86
		R_2019|x64 = R_2019|x64
		R_2019|x86 = R_2019|x86
	EndGlobalSection
	GlobalSection(ProjectConfigurationPlatforms) = postSolution
		{7FC39ECA-9124-4CC0-AB37-5781B88B7701}.D_2010|x64.ActiveCfg = D_2010|x64
		{7FC39ECA-9124-4CC0-AB37-5781B88B7701}.D_2010|x64.Build.0 = D_2010|x64
		{7FC39ECA-9124-4CC0-AB37-5781B88B7701}.D_2010|x86.ActiveCfg = D_2010|Win32
		{7FC39ECA-9124-4CC0-AB37-5781B88B7701}.D_2010|x86.Build.0 = D_2010|Win32
		{7FC39ECA-9124-4CC0-AB37-5781B88B7701}.D_2019|x64.ActiveCfg = D_2019|x64
		{7FC39ECA-9124-4CC0-AB37-5781B88B7701}.D_2019|x64.Build.0 = D_2019|x64
		{7FC39ECA-9124-4CC0-AB37-5781B88B7701}.D_2019|x86.ActiveCfg = D_2019|Win32
		{7FC39ECA-9124-4CC0-AB37-5781B88B7701}.D_2019|x86.Build.0 = D_2019|Win32
		{7FC39ECA-9124-4CC0-AB37-5781B88B7701}.R_2010_MT|x64.ActiveCfg = R_2010_MT|x64
		{7FC39ECA-9124-4CC0-AB37-5781B88B7701}.R_2010_MT|x64.Build.0 = R_2010_MT|x64
		{7FC39ECA-9124-4CC0-AB37-5781B88B7701}.R_2010_MT|x86.ActiveCfg = R_2010_MT|Win32
		{7FC39ECA-9124-4CC0-AB37-5781B88B7701}.R_2010_MT|x86.Build.0 = R_2010_MT|Win32
		{7FC39ECA-9124-4CC0-AB37-5781B88B7701}.R_2010|x64.ActiveCfg = R_2010|x64
		{7FC39ECA-9124-4CC0-AB37-5781B88B7701}.R_2010|x64.Build.0 = R_2010|x64
		{7FC39ECA-9124-4CC0-AB37-5781B88B7701}.R_2010|x86.ActiveCfg = R_2010|Win32
		{7FC39ECA-9124-4CC0-AB37-5781B88B7701}.R_2010|x86.Build.0 = R_2010|Win32
		{7FC39ECA-9124-4CC0-AB37-5781B88B7701}.R_2019_MT|x64.ActiveCfg = R_2019_MT|x64
		{7FC39ECA-9124-4CC0-AB37-5781B88B7701}.R_2019_MT|x64.Build.0 = R_2019_MT|x64
		{7FC39ECA-9124-4CC0-AB37-5781B88B7701}.R_2019_MT|x86.ActiveCfg = R_2019_MT|Win32
		{7FC39ECA-9124-4CC0-AB37-5781B88B7701}.R_2019_MT|x86.Build.0 = R_2019_MT|Win32
		{7FC39ECA-9124-4CC0-AB37-5781B88B7701}.R_2019|x64.ActiveCfg = R_2019|x64
		{7FC39ECA-9124-4CC0-AB37-5781B88B7701}.R_2019|x64.Build.0 = R_2019|x64
		{7FC39ECA-9124-4CC0-AB37-5781B88B7701}.R_2019|x86.ActiveCfg = R_2019|Win32
		{7FC39ECA-9124-4CC0-AB37-5781B88B7701}.R_2019|x86.Build.0 = R_2019|Win32
		{2B90DACD-68A1-413D-9A2C-D3B4481232E0}.D_2010|x64.ActiveCfg = D_2019|Win32
		{2B90DACD-68A1-413D-9A2C-D3B4481232E0}.D_2010|x86.ActiveCfg = D_2019|Win32
		{2B90DACD-68A1-413D-9A2C-D3B4481232E0}.D_2010|x86.Build.0 = D_2019|Win32
		{2B90DACD-68A1-413D-9A2C-D3B4481232E0}.D_2019|x64.ActiveCfg = D_2019|x64
		{2B90DACD-68A1-413D-9A2C-D3B4481232E0}.D_2019|x64.Build.0 = D_2019|x64
		{2B90DACD-68A1-413D-9A2C-D3B4481232E0}.D_2019|x86.ActiveCfg = D_2019|Win32
		{2B90DACD-68A1-413D-9A2C-D3B4481232E0}.D_2019|x86.Build.0 = D_2019|Win32
		{2B90DACD-68A1-413D-9A2C-D3B4481232E0}.R_2010_MT|x64.ActiveCfg = R_2019_MT|x64
		{2B90DACD-68A1-413D-9A2C-D3B4481232E0}.R_2010_MT|x86.ActiveCfg = R_2019_MT|Win32
		{2B90DACD-68A1-413D-9A2C-D3B4481232E0}.R_2010_MT|x86.Build.0 = R_2019_MT|Win32
		{2B90DACD-68A1-413D-9A2C-D3B4481232E0}.R_2010|x64.ActiveCfg = D_2019|x64
		{2B90DACD-68A1-413D-9A2C-D3B4481232E0}.R_2010|x64.Build.0 = D_2019|x64
		{2B90DACD-68A1-413D-9A2C-D3B4481232E0}.R_2010|x86.ActiveCfg = R_2019|Win32
		{2B90DACD-68A1-413D-9A2C-D3B4481232E0}.R_2010|x86.Build.0 = R_2019|Win32
		{2B90DACD-68A1-413D-9A2C-D3B4481232E0}.R_2019_MT|x64.ActiveCfg = R_2019_MT|x64
		{2B90DACD-68A1-413D-9A2C-D3B4481232E0}.R_2019_MT|x64.Build.0 = R_2019_MT|x64
		{2B90DACD-68A1-413D-9A2C-D3B4481232E0}.R_2019_MT|x86.ActiveCfg = R_2019_MT|Win32
		{2B90DACD-68A1-413D-9A2C-D3B4481232E0}.R_2019_MT|x86.Build.0 = R_2019_MT|Win32
		{2B90DACD-68A1-413D-9A2C-D3B4481232E0}.R_2019|x64.ActiveCfg = R_2019|x64
		{2B90DACD-68A1-413D-9A2C-D3B4481232E0}.R_2019|x64.Build.0 = R_2019|x64
		{2B90DACD-68A1-413D-9A2C-D3B4481232E0}.R_2019|x86.ActiveCfg = R_2019|Win32
		{2B90DACD-68A1-413D-9A2C-D3B4481232E0}.R_2019|x86.Build.0 = R_2019|Win32
		{E3F7325E-B07B-402B-912D-AB5FD888C8A1}.D_2010|x64.ActiveCfg = D_2019|x64
		{E3F7325E-B07B-402B-912D-AB5FD888C8A1}.D_2010|x64.Build.0 = D_2019|x64
		{E3F7325E-B07B-402B-912D-AB5FD888C8A1}.D_2010|x86.ActiveCfg = D_2019|Win32
		{E3F7325E-B07B-402B-912D-AB5FD888C8A1}.D_2010|x86.Build.0 = D_2019|Win32
		{E3F7325E-B07B-402B-912D-AB5FD888C8A1}.D_2019|x64.ActiveCfg = D_2019|x64
		{E3F7325E-B07B-402B-912D-AB5FD888C8A1}.D_2019|x64.Build.0 = D_2019|x64
		{E3F7325E-B07B-402B-912D-AB5FD888C8A1}.D_2019|x86.ActiveCfg = D_2019|Win32
		{E3F7325E-B07B-402B-912D-AB5FD888C8A1}.D_2019|x86.Build.0 = D_2019|Win32
		{E3F7325E-B07B-402B-912D-AB5FD888C8A1}.R_2010_MT|x64.ActiveCfg = R_2019_MT|x64
		{E3F7325E-B07B-402B-912D-AB5FD888C8A1}.R_2010_MT|x86.ActiveCfg = R_2019_MT|Win32
		{E3F7325E-B07B-402B-912D-AB5FD888C8A1}.R_2010_MT|x86.Build.0 = R_2019_MT|Win32
		{E3F7325E-B07B-402B-912D-AB5FD888C8A1}.R_2010|x64.ActiveCfg = R_2019|x64
		{E3F7325E-B07B-402B-912D-AB5FD888C8A1}.R_2010|x64.Build.0 = R_2019|x64
		{E3F7325E-B07B-402B-912D-AB5FD888C8A1}.R_2010|x86.ActiveCfg = R_2019|Win32
		{E3F7325E-B07B-402B-912D-AB5FD888C8A1}.R_2010|x86.Build.0 = R_2019|Win32
		{E3F7325E-B07B-402B-912D-AB5FD888C8A1}.R_2019_MT|x64.ActiveCfg = R_2019_MT|x64
		{E3F7325E-B07B-402B-912D-AB5FD888C8A1}.R_2019_MT|x64.Build.0 = R_2019_MT|x64
		{E3F7325E-B07B-402B-912D-AB5FD888C8A1}.R_2019_MT|x86.ActiveCfg = R_2019_MT|Win32
		{E3F7325E-B07B-402B-912D-AB5FD888C8A1}.R_2019_MT|x86.Build.0 = R_2019_MT|Win32
		{E3F7325E-B07B-402B-912D-AB5FD888C8A1}.R_2019|x64.ActiveCfg = R_2019|x64
		{E3F7325E-B07B-402B-912D-AB5FD888C8A1}.R_2019|x64.Build.0 = R_2019|x64
		{E3F7325E-B07B-402B-912D-AB5FD888C8A1}.R_2019|x86.ActiveCfg = R_2019|Win32
		{E3F7325E-B07B-402B-912D-AB5FD888C8A1}.R_2019|x86.Build.0 = R_2019|Win32
		{13E7A671-0774-41C0-A87F-EDE6D8F50476}.D_2010|x64.ActiveCfg = D_2010|x64
		{13E7A671-0774-41C0-A87F-EDE6D8F50476}.D_2010|x64.Build.0 = D_2010|x64
		{13E7A671-0774-41C0-A87F-EDE6D8F50476}.D_2010|x86.ActiveCfg = D_2010|Win32
		{13E7A671-0774-41C0-A87F-EDE6D8F50476}.D_2010|x86.Build.0 = D_2010|Win32
		{13E7A671-0774-41C0-A87F-EDE6D8F50476}.D_2019|x64.ActiveCfg = D_2019|x64
		{13E7A671-0774-41C0-A87F-EDE6D8F50476}.D_2019|x64.Build.0 = D_2019|x64
		{13E7A671-0774-41C0-A87F-EDE6D8F50476}.D_2019|x86.ActiveCfg = D_2019|Win32
		{13E7A671-0774-41C0-A87F-EDE6D8F50476}.D_2019|x86.Build.0 = D_2019|Win32
		{13E7A671-0774-41C0-A87F-EDE6D8F50476}.R_2010_MT|x64.ActiveCfg = R_2010_MT|x64
		{13E7A671-0774-41C0-A87F-EDE6D8F50476}.R_2010_MT|x64.Build.0 = R_2010_MT|x64
		{13E7A671-0774-41C0-A87F-EDE6D8F50476}.R_2010_MT|x86.ActiveCfg = R_2010_MT|Win32
		{13E7A671-0774-41C0-A87F-EDE6D8F50476}.R_2010_MT|x86.Build.0 = R_2010_MT|Win32
		{13E7A671-0774-41C0-A87F-EDE6D8F50476}.R_2010|x64.ActiveCfg = R_2010|x64
		{13E7A671-0774-41C0-A87F-EDE6D8F50476}.R_2010|x64.Build.0 = R_2010|x64
		{13E7A671-0774-41C0-A87F-EDE6D8F50476}.R_2010|x86.ActiveCfg = R_2010|Win32
		{13E7A671-0774-41C0-A87F-EDE6D8F50476}.R_2010|x86.Build.0 = R_2010|Win32
		{13E7A671-0774-41C0-A87F-EDE6D8F50476}.R_2019_MT|x64.ActiveCfg = R_2019_MT|x64
		{13E7A671-0774-41C0-A87F-EDE6D8F50476}.R_2019_MT|x64.Build.0 = R_2019_MT|x64
		{13E7A671-0774-41C0-A87F-EDE6D8F50476}.R_2019_MT|x86.ActiveCfg = R_2019_MT|Win32
		{13E7A671-0774-41C0-A87F-EDE6D8F50476}.R_2019_MT|x86.Build.0 = R_2019_MT|Win32
		{13E7A671-0774-41C0-A87F-EDE6D8F50476}.R_2019|x64.ActiveCfg = R_2019|x64
		{13E7A671-0774-41C0-A87F-EDE6D8F50476}.R_2019|x64.Build.0 = R_2019|x64
		{13E7A671-0774-41C0-A87F-EDE6D8F50476}.R_2019|x86.ActiveCfg = R_2019|Win32
		{13E7A671-0774-41C0-A87F-EDE6D8F50476}.R_2019|x86.Build.0 = R_2019|Win32
		{2B274465-8163-4463-8085-71AC01385702}.D_2010|x64.ActiveCfg = D_2010|x64
		{2B274465-8163-4463-8085-71AC01385702}.D_2010|x64.Build.0 = D_2010|x64
		{2B274465-8163-4463-8085-71AC01385702}.D_2010|x86.ActiveCfg = D_2010|Win32
		{2B274465-8163-4463-8085-71AC01385702}.D_2010|x86.Build.0 = D_2010|Win32
		{2B274465-8163-4463-8085-71AC01385702}.D_2019|x64.ActiveCfg = D_2019|x64
		{2B274465-8163-4463-8085-71AC01385702}.D_2019|x64.Build.0 = D_2019|x64
		{2B274465-8163-4463-8085-71AC01385702}.D_2019|x86.ActiveCfg = D_2019|Win32
		{2B274465-8163-4463-8085-71AC01385702}.D_2019|x86.Build.0 = D_2019|Win32
		{2B274465-8163-4463-8085-71AC01385702}.R_2010_MT|x64.ActiveCfg = R_2010_MT|x64
		{2B274465-8163-4463-8085-71AC01385702}.R_2010_MT|x64.Build.0 = R_2010_MT|x64
		{2B274465-8163-4463-8085-71AC01385702}.R_2010_MT|x86.ActiveCfg = R_2010_MT|Win32
		{2B274465-8163-4463-8085-71AC01385702}.R_2010_MT|x86.Build.0 = R_2010_MT|Win32
		{2B274465-8163-4463-8085-71AC01385702}.R_2010|x64.ActiveCfg = R_2010|x64
		{2B274465-8163-4463-8085-71AC01385702}.R_2010|x64.Build.0 = R_2010|x64
		{2B274465-8163-4463-8085-71AC01385702}.R_2010|x86.ActiveCfg = R_2010|Win32
		{2B274465-8163-4463-8085-71AC01385702}.R_2010|x86.Build.0 = R_2010|Win32
		{2B274465-8163-4463-8085-71AC01385702}.R_2019_MT|x64.ActiveCfg = R_2019_MT|x64
		{2B274465-8163-4463-8085-71AC01385702}.R_2019_MT|x64.Build.0 = R_2019_MT|x64
		{2B274465-8163-4463-8085-71AC01385702}.R_2019_MT|x86.ActiveCfg = R_2019_MT|Win32
		{2B274465-8163-4463-8085-71AC01385702}.R_2019_MT|x86.Build.0 = R_2019_MT|Win32
		{2B274465-8163-4463-8085-71AC01385702}.R_2019|x64.ActiveCfg = R_2019|x64
		{2B274465-8163-4463-8085-71AC01385702}.R_2019|x64.Build.0 = R_2019|x64
		{2B274465-8163-4463-8085-71AC01385702}.R_2019|x86.ActiveCfg = R_2019|Win32
		{2B274465-8163-4463-8085-71AC01385702}.R_2019|x86.Build.0 = R_2019|Win32
		{C25448EE-6B1E-4CCA-98B5-1D30531295CC}.D_2010|x64.ActiveCfg = D_2010|x64
		{C25448EE-6B1E-4CCA-98B5-1D30531295CC}.D_2010|x64.Build.0 = D_2010|x64
		{C25448EE-6B1E-4CCA-98B5-1D30531295CC}.D_2010|x86.ActiveCfg = D_2010|Win32
		{C25448EE-6B1E-4CCA-98B5-1D30531295CC}.D_2010|x86.Build.0 = D_2010|Win32
		{C25448EE-6B1E-4CCA-98B5-1D30531295CC}.D_2019|x64.ActiveCfg = D_2019|x64
		{C25448EE-6B1E-4CCA-98B5-1D30531295CC}.D_2019|x64.Build.0 = D_2019|x64
		{C25448EE-6B1E-4CCA-98B5-1D30531295CC}.D_2019|x86.ActiveCfg = D_2019|Win32
		{C25448EE-6B1E-4CCA-98B5-1D30531295CC}.D_2019|x86.Build.0 = D_2019|Win32
		{C25448EE-6B1E-4CCA-98B5-1D30531295CC}.R_2010_MT|x64.ActiveCfg = R_2010_MT|x64
		{C25448EE-6B1E-4CCA-98B5-1D30531295CC}.R_2010_MT|x64.Build.0 = R_2010_MT|x64
		{C25448EE-6B1E-4CCA-98B5-1D30531295CC}.R_2010_MT|x86.ActiveCfg = R_2010_MT|Win32
		{C25448EE-6B1E-4CCA-98B5-1D30531295CC}.R_2010_MT|x86.Build.0 = R_2010_MT|Win32
		{C25448EE-6B1E-4CCA-98B5-1D30531295CC}.R_2010|x64.ActiveCfg = R_2010|x64
		{C25448EE-6B1E-4CCA-98B5-1D30531295CC}.R_2010|x64.Build.0 = R_2010|x64
		{C25448EE-6B1E-4CCA-98B5-1D30531295CC}.R_2010|x86.ActiveCfg = R_2010|Win32
		{C25448EE-6B1E-4CCA-98B5-1D30531295CC}.R_2010|x86.Build.0 = R_2010|Win32
		{C25448EE-6B1E-4CCA-98B5-1D30531295CC}.R_2019_MT|x64.ActiveCfg = R_2019_MT|x64
		{C25448EE-6B1E-4CCA-98B5-1D30531295CC}.R_2019_MT|x64.Build.0 = R_2019_MT|x64
		{C25448EE-6B1E-4CCA-98B5-1D30531295CC}.R_2019_MT|x86.ActiveCfg = R_2019_MT|Win32
		{C25448EE-6B1E-4CCA-98B5-1D30531295CC}.R_2019_MT|x86.Build.0 = R_2019_MT|Win32
		{C25448EE-6B1E-4CCA-98B5-1D30531295CC}.R_2019|x64.ActiveCfg = R_2019|x64
		{C25448EE-6B1E-4CCA-98B5-1D30531295CC}.R_2019|x64.Build.0 = R_2019|x64
		{C25448EE-6B1E-4CCA-98B5-1D30531295CC}.R_2019|x86.ActiveCfg = R_2019|Win32
		{C25448EE-6B1E-4CCA-98B5-1D30531295CC}.R_2019|x86.Build.0 = R_2019|Win32
		{12DE41A8-0791-4627-A952-5D7C6F2D2228}.D_2010|x64.ActiveCfg = D_2010|x64
		{12DE41A8-0791-4627-A952-5D7C6F2D2228}.D_2010|x64.Build.0 = D_2010|x64
		{12DE41A8-0791-4627-A952-5D7C6F2D2228}.D_2010|x86.ActiveCfg = D_2010|Win32
		{12DE41A8-0791-4627-A952-5D7C6F2D2228}.D_2010|x86.Build.0 = D_2010|Win32
		{12DE41A8-0791-4627-A952-5D7C6F2D2228}.D_2019|x64.ActiveCfg = D_2019|x64
		{12DE41A8-0791-4627-A952-5D7C6F2D2228}.D_2019|x64.Build.0 = D_2019|x64
		{12DE41A8-0791-4627-A952-5D7C6F2D2228}.D_2019|x86.ActiveCfg = D_2019|Win32
		{12DE41A8-0791-4627-A952-5D7C6F2D2228}.D_2019|x86.Build.0 = D_2019|Win32
		{12DE41A8-0791-4627-A952-5D7C6F2D2228}.R_2010_MT|x64.ActiveCfg = R_2010_MT|x64
		{12DE41A8-0791-4627-A952-5D7C6F2D2228}.R_2010_MT|x64.Build.0 = R_2010_MT|x64
		{12DE41A8-0791-4627-A952-5D7C6F2D2228}.R_2010_MT|x86.ActiveCfg = R_2010_MT|Win32
		{12DE41A8-0791-4627-A952-5D7C6F2D2228}.R_2010_MT|x86.Build.0 = R_2010_MT|Win32
		{12DE41A8-0791-4627-A952-5D7C6F2D2228}.R_2010|x64.ActiveCfg = R_2010|x64
		{12DE41A8-0791-4627-A952-5D7C6F2D2228}.R_2010|x64.Build.0 = R_2010|x64
		{12DE41A8-0791-4627-A952-5D7C6F2D2228}.R_2010|x86.ActiveCfg = R_2010|Win32
		{12DE41A8-0791-4627-A952-5D7C6F2D2228}.R_2010|x86.Build.0 = R_2010|Win32
		{12DE41A8-0791-4627-A952-5D7C6F2D2228}.R_2019_MT|x64.ActiveCfg = R_2019_MT|x64
		{12DE41A8-0791-4627-A952-5D7C6F2D2228}.R_2019_MT|x64.Build.0 = R_2019_MT|x64
		{12DE41A8-0791-4627-A952-5D7C6F2D2228}.R_2019_MT|x86.ActiveCfg = R_2019_MT|Win32
		{12DE41A8-0791-4627-A952-5D7C6F2D2228}.R_2019_MT|x86.Build.0 = R_2019_MT|Win32
		{12DE41A8-0791-4627-A952-5D7C6F2D2228}.R_2019|x64.ActiveCfg = R_2019|x64
		{12DE41A8-0791-4627-A952-5D7C6F2D2228}.R_2019|x64.Build.0 = R_2019|x64
		{12DE41A8-0791-4627-A952-5D7C6F2D2228}.R_2019|x86.ActiveCfg = R_2019|Win32
		{12DE41A8-0791-4627-A952-5D7C6F2D2228}.R_2019|x86.Build.0 = R_2019|Win32
		{C2C0256F-09B1-4A4B-8B37-981E4A34E34A}.D_2010|x64.ActiveCfg = D_2010|x64
		{C2C0256F-09B1-4A4B-8B37-981E4A34E34A}.D_2010|x64.Build.0 = D_2010|x64
		{C2C0256F-09B1-4A4B-8B37-981E4A34E34A}.D_2010|x86.ActiveCfg = D_2010|Win32
		{C2C0256F-09B1-4A4B-8B37-981E4A34E34A}.D_2010|x86.Build.0 = D_2010|Win32
		{C2C0256F-09B1-4A4B-8B37-981E4A34E34A}.D_2019|x64.ActiveCfg = D_2019|x64
		{C2C0256F-09B1-4A4B-8B37-981E4A34E34A}.D_2019|x64.Build.0 = D_2019|x64
		{C2C0256F-09B1-4A4B-8B37-981E4A34E34A}.D_2019|x86.ActiveCfg = D_2019|Win32
		{C2C0256F-09B1-4A4B-8B37-981E4A34E34A}.D_2019|x86.Build.0 = D_2019|Win32
		{C2C0256F-09B1-4A4B-8B37-981E4A34E34A}.R_2010_MT|x64.ActiveCfg = R_2010_MT|x64
		{C2C0256F-09B1-4A4B-8B37-981E4A34E34A}.R_2010_MT|x64.Build.0 = R_2010_MT|x64
		{C2C0256F-09B1-4A4B-8B37-981E4A34E34A}.R_2010_MT|x86.ActiveCfg = R_2010_MT|Win32
		{C2C0256F-09B1-4A4B-8B37-981E4A34E34A}.R_2010_MT|x86.Build.0 = R_2010_MT|Win32
		{C2C0256F-09B1-4A4B-8B37-981E4A34E34A}.R_2010|x64.ActiveCfg = R_2010|x64
		{C2C0256F-09B1-4A4B-8B37-981E4A34E34A}.R_2010|x64.Build.0 = R_2010|x64
		{C2C0256F-09B1-4A4B-8B37-981E4A34E34A}.R_2010|x86.ActiveCfg = R_2010|Win32
		{C2C0256F-09B1-4A4B-8B37-981E4A34E34A}.R_2010|x86.Build.0 = R_2010|Win32
		{C2C0256F-09B1-4A4B-8B37-981E4A34E34A}.R_2019_MT|x64.ActiveCfg = R_2019_MT|x64
		{C2C0256F-09B1-4A4B-8B37-981E4A34E34A}.R_2019_MT|x64.Build.0 = R_2019_MT|x64
		{C2C0256F-09B1-4A4B-8B37-981E4A34E34A}.R_2019_MT|x86.ActiveCfg = R_2019_MT|Win32
		{C2C0256F-09B1-4A4B-8B37-981E4A34E34A}.R_2019_MT|x86.Build.0 = R_2019_MT|Win32
		{C2C0256F-09B1-4A4B-8B37-981E4A34E34A}.R_2019|x64.ActiveCfg = R_2019|x64
		{C2C0256F-09B1-4A4B-8B37-981E4A34E34A}.R_2019|x64.Build.0 = R_2019|x64
		{C2C0256F-09B1-4A4B-8B37-981E4A34E34A}.R_2019|x86.ActiveCfg = R_2019|Win32
		{C2C0256F-09B1-4A4B-8B37-981E4A34E34A}.R_2019|x86.Build.0 = R_2019|Win32
		{5FDD5E30-017D-4CEC-AECC-4047824BCDA0}.D_2010|x64.ActiveCfg = D_2019|x64
		{5FDD5E30-017D-4CEC-AECC-4047824BCDA0}.D_2010|x86.ActiveCfg = D_2019|Win32
		{5FDD5E30-017D-4CEC-AECC-4047824BCDA0}.D_2010|x86.Build.0 = D_2019|Win32
		{5FDD5E30-017D-4CEC-AECC-4047824BCDA0}.D_2019|x64.ActiveCfg = D_2019|x64
		{5FDD5E30-017D-4CEC-AECC-4047824BCDA0}.D_2019|x64.Build.0 = D_2019|x64
		{5FDD5E30-017D-4CEC-AECC-4047824BCDA0}.D_2019|x86.ActiveCfg = D_2019|Win32
		{5FDD5E30-017D-4CEC-AECC-4047824BCDA0}.D_2019|x86.Build.0 = D_2019|Win32
		{5FDD5E30-017D-4CEC-AECC-4047824BCDA0}.R_2010_MT|x64.ActiveCfg = R_2019_MT|x64
		{5FDD5E30-017D-4CEC-AECC-4047824BCDA0}.R_2010_MT|x86.ActiveCfg = R_2019_MT|Win32
		{5FDD5E30-017D-4CEC-AECC-4047824BCDA0}.R_2010_MT|x86.Build.0 = R_2019_MT|Win32
		{5FDD5E30-017D-4CEC-AECC-4047824BCDA0}.R_2010|x64.ActiveCfg = R_2019|x64
		{5FDD5E30-017D-4CEC-AECC-4047824BCDA0}.R_2010|x86.ActiveCfg = R_2019|Win32
		{5FDD5E30-017D-4CEC-AECC-4047824BCDA0}.R_2010|x86.Build.0 = R_2019|Win32
		{5FDD5E30-017D-4CEC-AECC-4047824BCDA0}.R_2019_MT|x64.ActiveCfg = R_2019_MT|x64
		{5FDD5E30-017D-4CEC-AECC-4047824BCDA0}.R_2019_MT|x64.Build.0 = R_2019_MT|x64
		{5FDD5E30-017D-4CEC-AECC-4047824BCDA0}.R_2019_MT|x86.ActiveCfg = R_2019_MT|Win32
		{5FDD5E30-017D-4CEC-AECC-4047824BCDA0}.R_2019_MT|x86.Build.0 = R_2019_MT|Win32
		{5FDD5E30-017D-4CEC-AECC-4047824BCDA0}.R_2019|x64.ActiveCfg = R_2019|x64
		{5FDD5E30-017D-4CEC-AECC-4047824BCDA0}.R_2019|x64.Build.0 = R_2019|x64
		{5FDD5E30-017D-4CEC-AECC-4047824BCDA0}.R_2019|x86.ActiveCfg = R_2019|Win32
		{5FDD5E30-017D-4CEC-AECC-4047824BCDA0}.R_2019|x86.Build.0 = R_2019|Win32
		{A2A2A23B-A114-4132-B27F-3FBB16D1AD2A}.D_2010|x64.ActiveCfg = D_2010|x64
		{A2A2A23B-A114-4132-B27F-3FBB16D1AD2A}.D_2010|x64.Build.0 = D_2010|x64
		{A2A2A23B-A114-4132-B27F-3FBB16D1AD2A}.D_2010|x86.ActiveCfg = D_2010|Win32
		{A2A2A23B-A114-4132-B27F-3FBB16D1AD2A}.D_2010|x86.Build.0 = D_2010|Win32
		{A2A2A23B-A114-4132-B27F-3FBB16D1AD2A}.D_2019|x64.ActiveCfg = D_2019|x64
		{A2A2A23B-A114-4132-B27F-3FBB16D1AD2A}.D_2019|x64.Build.0 = D_2019|x64
		{A2A2A23B-A114-4132-B27F-3FBB16D1AD2A}.D_2019|x86.ActiveCfg = D_2019|Win32
		{A2A2A23B-A114-4132-B27F-3FBB16D1AD2A}.D_2019|x86.Build.0 = D_2019|Win32
		{A2A2A23B-A114-4132-B27F-3FBB16D1AD2A}.R_2010_MT|x64.ActiveCfg = R_2010_MT|x64
		{A2A2A23B-A114-4132-B27F-3FBB16D1AD2A}.R_2010_MT|x64.Build.0 = R_2010_MT|x64
		{A2A2A23B-A114-4132-B27F-3FBB16D1AD2A}.R_2010_MT|x86.ActiveCfg = R_2010_MT|Win32
		{A2A2A23B-A114-4132-B27F-3FBB16D1AD2A}.R_2010_MT|x86.Build.0 = R_2010_MT|Win32
		{A2A2A23B-A114-4132-B27F-3FBB16D1AD2A}.R_2010|x64.ActiveCfg = R_2010|x64
		{A2A2A23B-A114-4132-B27F-3FBB16D1AD2A}.R_2010|x64.Build.0 = R_2010|x64
		{A2A2A23B-A114-4132-B27F-3FBB16D1AD2A}.R_2010|x86.ActiveCfg = R_2010|Win32
		{A2A2A23B-A114-4132-B27F-3FBB16D1AD2A}.R_2010|x86.Build.0 = R_2010|Win32
		{A2A2A23B-A114-4132-B27F-3FBB16D1AD2A}.R_2019_MT|x64.ActiveCfg = R_2019_MT|x64
		{A2A2A23B-A114-4132-B27F-3FBB16D1AD2A}.R_2019_MT|x64.Build.0 = R_2019_MT|x64
		{A2A2A23B-A114-4132-B27F-3FBB16D1AD2A}.R_2019_MT|x86.ActiveCfg = R_2019_MT|Win32
		{A2A2A23B-A114-4132-B27F-3FBB16D1AD2A}.R_2019_MT|x86.Build.0 = R_2019_MT|Win32
		{A2A2A23B-A114-4132-B27F-3FBB16D1AD2A}.R_2019|x64.ActiveCfg = R_2019|x64
		{A2A2A23B-A114-4132-B27F-3FBB16D1AD2A}.R_2019|x64.Build.0 = R_2019|x64
		{A2A2A23B-A114-4132-B27F-3FBB16D1AD2A}.R_2019|x86.ActiveCfg = R_2019|Win32
		{A2A2A23B-A114-4132-B27F-3FBB16D1AD2A}.R_2019|x86.Build.0 = R_2019|Win32
		{07D1C82D-E102-4E1C-8B51-DF3B37A6BE98}.D_2010|x64.ActiveCfg = D_2010|x64
		{07D1C82D-E102-4E1C-8B51-DF3B37A6BE98}.D_2010|x64.Build.0 = D_2010|x64
		{07D1C82D-E102-4E1C-8B51-DF3B37A6BE98}.D_2010|x86.ActiveCfg = D_2019|Win32
		{07D1C82D-E102-4E1C-8B51-DF3B37A6BE98}.D_2010|x86.Build.0 = D_2019|Win32
		{07D1C82D-E102-4E1C-8B51-DF3B37A6BE98}.D_2019|x64.ActiveCfg = D_2019|x64
		{07D1C82D-E102-4E1C-8B51-DF3B37A6BE98}.D_2019|x64.Build.0 = D_2019|x64
		{07D1C82D-E102-4E1C-8B51-DF3B37A6BE98}.D_2019|x86.ActiveCfg = D_2019|Win32
		{07D1C82D-E102-4E1C-8B51-DF3B37A6BE98}.D_2019|x86.Build.0 = D_2019|Win32
		{07D1C82D-E102-4E1C-8B51-DF3B37A6BE98}.R_2010_MT|x64.ActiveCfg = R_2010_MT|x64
		{07D1C82D-E102-4E1C-8B51-DF3B37A6BE98}.R_2010_MT|x64.Build.0 = R_2010_MT|x64
		{07D1C82D-E102-4E1C-8B51-DF3B37A6BE98}.R_2010_MT|x86.ActiveCfg = R_2010_MT|Win32
		{07D1C82D-E102-4E1C-8B51-DF3B37A6BE98}.R_2010_MT|x86.Build.0 = R_2010_MT|Win32
		{07D1C82D-E102-4E1C-8B51-DF3B37A6BE98}.R_2010|x64.ActiveCfg = R_2010|x64
		{07D1C82D-E102-4E1C-8B51-DF3B37A6BE98}.R_2010|x64.Build.0 = R_2010|x64
		{07D1C82D-E102-4E1C-8B51-DF3B37A6BE98}.R_2010|x86.ActiveCfg = R_2010|Win32
		{07D1C82D-E102-4E1C-8B51-DF3B37A6BE98}.R_2010|x86.Build.0 = R_2010|Win32
		{07D1C82D-E102-4E1C-8B51-DF3B37A6BE98}.R_2019_MT|x64.ActiveCfg = R_2019_MT|x64
		{07D1C82D-E102-4E1C-8B51-DF3B37A6BE98}.R_2019_MT|x64.Build.0 = R_2019_MT|x64
		{07D1C82D-E102-4E1C-8B51-DF3B37A6BE98}.R_2019_MT|x86.ActiveCfg = R_2019_MT|Win32
		{07D1C82D-E102-4E1C-8B51-DF3B37A6BE98}.R_2019_MT|x86.Build.0 = R_2019_MT|Win32
		{07D1C82D-E102-4E1C-8B51-DF3B37A6BE98}.R_2019|x64.ActiveCfg = R_2019|x64
		{07D1C82D-E102-4E1C-8B51-DF3B37A6BE98}.R_2019|x64.Build.0 = R_2019|x64
		{07D1C82D-E102-4E1C-8B51-DF3B37A6BE98}.R_2019|x86.ActiveCfg = R_2019|Win32
		{07D1C82D-E102-4E1C-8B51-DF3B37A6BE98}.R_2019|x86.Build.0 = R_2019|Win32
		{7A937FF5-A616-46DB-A9E0-0E5F28E99EF5}.D_2010|x64.ActiveCfg = D_2010|x64
		{7A937FF5-A616-46DB-A9E0-0E5F28E99EF5}.D_2010|x64.Build.0 = D_2010|x64
		{7A937FF5-A616-46DB-A9E0-0E5F28E99EF5}.D_2010|x86.ActiveCfg = D_2010|Win32
		{7A937FF5-A616-46DB-A9E0-0E5F28E99EF5}.D_2010|x86.Build.0 = D_2010|Win32
		{7A937FF5-A616-46DB-A9E0-0E5F28E99EF5}.D_2019|x64.ActiveCfg = D_2019|x64
		{7A937FF5-A616-46DB-A9E0-0E5F28E99EF5}.D_2019|x64.Build.0 = D_2019|x64
		{7A937FF5-A616-46DB-A9E0-0E5F28E99EF5}.D_2019|x86.ActiveCfg = D_2019|Win32
		{7A937FF5-A616-46DB-A9E0-0E5F28E99EF5}.D_2019|x86.Build.0 = D_2019|Win32
		{7A937FF5-A616-46DB-A9E0-0E5F28E99EF5}.R_2010_MT|x64.ActiveCfg = R_2010_MT|x64
		{7A937FF5-A616-46DB-A9E0-0E5F28E99EF5}.R_2010_MT|x64.Build.0 = R_2010_MT|x64
		{7A937FF5-A616-46DB-A9E0-0E5F28E99EF5}.R_2010_MT|x86.ActiveCfg = R_2010_MT|Win32
		{7A937FF5-A616-46DB-A9E0-0E5F28E99EF5}.R_2010_MT|x86.Build.0 = R_2010_MT|Win32
		{7A937FF5-A616-46DB-A9E0-0E5F28E99EF5}.R_2010|x64.ActiveCfg = R_2010|x64
		{7A937FF5-A616-46DB-A9E0-0E5F28E99EF5}.R_2010|x64.Build.0 = R_2010|x64
		{7A937FF5-A616-46DB-A9E0-0E5F28E99EF5}.R_2010|x86.ActiveCfg = R_2010|Win32
		{7A937FF5-A616-46DB-A9E0-0E5F28E99EF5}.R_2010|x86.Build.0 = R_2010|Win32
		{7A937FF5-A616-46DB-A9E0-0E5F28E99EF5}.R_2019_MT|x64.ActiveCfg = R_2019_MT|x64
		{7A937FF5-A616-46DB-A9E0-0E5F28E99EF5}.R_2019_MT|x64.Build.0 = R_2019_MT|x64
		{7A937FF5-A616-46DB-A9E0-0E5F28E99EF5}.R_2019_MT|x86.ActiveCfg = R_2019_MT|Win32
		{7A937FF5-A616-46DB-A9E0-0E5F28E99EF5}.R_2019_MT|x86.Build.0 = R_2019_MT|Win32
		{7A937FF5-A616-46DB-A9E0-0E5F28E99EF5}.R_2019|x64.ActiveCfg = R_2019|x64
		{7A937FF5-A616-46DB-A9E0-0E5F28E99EF5}.R_2019|x64.Build.0 = R_2019|x64
		{7A937FF5-A616-46DB-A9E0-0E5F28E99EF5}.R_2019|x86.ActiveCfg = R_2019|Win32
		{7A937FF5-A616-46DB-A9E0-0E5F28E99EF5}.R_2019|x86.Build.0 = R_2019|Win32
		{D24BFE60-E3A5-483A-8D38-CDBAE9EDA5DB}.D_2010|x64.ActiveCfg = D_2019|x64
		{D24BFE60-E3A5-483A-8D38-CDBAE9EDA5DB}.D_2010|x64.Build.0 = D_2019|x64
		{D24BFE60-E3A5-483A-8D38-CDBAE9EDA5DB}.D_2010|x86.ActiveCfg = D_2019|Win32
		{D24BFE60-E3A5-483A-8D38-CDBAE9EDA5DB}.D_2010|x86.Build.0 = D_2019|Win32
		{D24BFE60-E3A5-483A-8D38-CDBAE9EDA5DB}.D_2019|x64.ActiveCfg = D_2019|x64
		{D24BFE60-E3A5-483A-8D38-CDBAE9EDA5DB}.D_2019|x64.Build.0 = D_2019|x64
		{D24BFE60-E3A5-483A-8D38-CDBAE9EDA5DB}.D_2019|x86.ActiveCfg = D_2019|Win32
		{D24BFE60-E3A5-483A-8D38-CDBAE9EDA5DB}.D_2019|x86.Build.0 = D_2019|Win32
		{D24BFE60-E3A5-483A-8D38-CDBAE9EDA5DB}.R_2010_MT|x64.ActiveCfg = R_2019_MT|x64
		{D24BFE60-E3A5-483A-8D38-CDBAE9EDA5DB}.R_2010_MT|x86.ActiveCfg = R_2019_MT|Win32
		{D24BFE60-E3A5-483A-8D38-CDBAE9EDA5DB}.R_2010_MT|x86.Build.0 = R_2019_MT|Win32
		{D24BFE60-E3A5-483A-8D38-CDBAE9EDA5DB}.R_2010|x64.ActiveCfg = R_2019|x64
		{D24BFE60-E3A5-483A-8D38-CDBAE9EDA5DB}.R_2010|x64.Build.0 = R_2019|x64
		{D24BFE60-E3A5-483A-8D38-CDBAE9EDA5DB}.R_2010|x86.ActiveCfg = R_2019|Win32
		{D24BFE60-E3A5-483A-8D38-CDBAE9EDA5DB}.R_2010|x86.Build.0 = R_2019|Win32
		{D24BFE60-E3A5-483A-8D38-CDBAE9EDA5DB}.R_2019_MT|x64.ActiveCfg = R_2019_MT|x64
		{D24BFE60-E3A5-483A-8D38-CDBAE9EDA5DB}.R_2019_MT|x64.Build.0 = R_2019_MT|x64
		{D24BFE60-E3A5-483A-8D38-CDBAE9EDA5DB}.R_2019_MT|x86.ActiveCfg = R_2019_MT|Win32
		{D24BFE60-E3A5-483A-8D38-CDBAE9EDA5DB}.R_2019_MT|x86.Build.0 = R_2019_MT|Win32
		{D24BFE60-E3A5-483A-8D38-CDBAE9EDA5DB}.R_2019|x64.ActiveCfg = R_2019|x64
		{D24BFE60-E3A5-483A-8D38-CDBAE9EDA5DB}.R_2019|x64.Build.0 = R_2019|x64
		{D24BFE60-E3A5-483A-8D38-CDBAE9EDA5DB}.R_2019|x86.ActiveCfg = R_2019|Win32
		{D24BFE60-E3A5-483A-8D38-CDBAE9EDA5DB}.R_2019|x86.Build.0 = R_2019|Win32
		{D73A44FF-8818-41EC-8A8E-C36280F0832C}.D_2010|x64.ActiveCfg = D_2010|x64
		{D73A44FF-8818-41EC-8A8E-C36280F0832C}.D_2010|x64.Build.0 = D_2010|x64
		{D73A44FF-8818-41EC-8A8E-C36280F0832C}.D_2010|x86.ActiveCfg = D_2010|Win32
		{D73A44FF-8818-41EC-8A8E-C36280F0832C}.D_2010|x86.Build.0 = D_2010|Win32
		{D73A44FF-8818-41EC-8A8E-C36280F0832C}.D_2019|x64.ActiveCfg = D_2019|x64
		{D73A44FF-8818-41EC-8A8E-C36280F0832C}.D_2019|x64.Build.0 = D_2019|x64
		{D73A44FF-8818-41EC-8A8E-C36280F0832C}.D_2019|x86.ActiveCfg = D_2019|Win32
		{D73A44FF-8818-41EC-8A8E-C36280F0832C}.D_2019|x86.Build.0 = D_2019|Win32
		{D73A44FF-8818-41EC-8A8E-C36280F0832C}.R_2010_MT|x64.ActiveCfg = R_2010_MT|x64
		{D73A44FF-8818-41EC-8A8E-C36280F0832C}.R_2010_MT|x64.Build.0 = R_2010_MT|x64
		{D73A44FF-8818-41EC-8A8E-C36280F0832C}.R_2010_MT|x86.ActiveCfg = R_2010_MT|Win32
		{D73A44FF-8818-41EC-8A8E-C36280F0832C}.R_2010_MT|x86.Build.0 = R_2010_MT|Win32
		{D73A44FF-8818-41EC-8A8E-C36280F0832C}.R_2010|x64.ActiveCfg = R_2010|x64
		{D73A44FF-8818-41EC-8A8E-C36280F0832C}.R_2010|x64.Build.0 = R_2010|x64
		{D73A44FF-8818-41EC-8A8E-C36280F0832C}.R_2010|x86.ActiveCfg = R_2010|Win32
		{D73A44FF-8818-41EC-8A8E-C36280F0832C}.R_2010|x86.Build.0 = R_2010|Win32
		{D73A44FF-8818-41EC-8A8E-C36280F0832C}.R_2019_MT|x64.ActiveCfg = R_2019_MT|x64
		{D73A44FF-8818-41EC-8A8E-C36280F0832C}.R_2019_MT|x64.Build.0 = R_2019_MT|x64
		{D73A44FF-8818-41EC-8A8E-C36280F0832C}.R_2019_MT|x86.ActiveCfg = R_2019_MT|Win32
		{D73A44FF-8818-41EC-8A8E-C36280F0832C}.R_2019_MT|x86.Build.0 = R_2019_MT|Win32
		{D73A44FF-8818-41EC-8A8E-C36280F0832C}.R_2019|x64.ActiveCfg = R_2019|x64
		{D73A44FF-8818-41EC-8A8E-C36280F0832C}.R_2019|x64.Build.0 = R_2019|x64
		{D73A44FF-8818-41EC-8A8E-C36280F0832C}.R_2019|x86.ActiveCfg = R_2019|Win32
		{D73A44FF-8818-41EC-8A8E-C36280F0832C}.R_2019|x86.Build.0 = R_2019|Win32
	EndGlobalSection
	GlobalSection(SolutionProperties) = preSolution
		HideSolutionNode = FALSE
	EndGlobalSection
	GlobalSection(NestedProjects) = preSolution
		{2B90DACD-68A1-413D-9A2C-D3B4481232E0} = {F17F74D1-B71F-439D-A98B-FDE6D9A614B2}
		{E3F7325E-B07B-402B-912D-AB5FD888C8A1} = {F17F74D1-B71F-439D-A98B-FDE6D9A614B2}
		{13E7A671-0774-41C0-A87F-EDE6D8F50476} = {100B4EEA-50FC-44A5-B8D2-4A1B95A409DB}
		{2B274465-8163-4463-8085-71AC01385702} = {100B4EEA-50FC-44A5-B8D2-4A1B95A409DB}
		{C25448EE-6B1E-4CCA-98B5-1D30531295CC} = {F17F74D1-B71F-439D-A98B-FDE6D9A614B2}
		{12DE41A8-0791-4627-A952-5D7C6F2D2228} = {F17F74D1-B71F-439D-A98B-FDE6D9A614B2}
		{C2C0256F-09B1-4A4B-8B37-981E4A34E34A} = {F17F74D1-B71F-439D-A98B-FDE6D9A614B2}
		{5FDD5E30-017D-4CEC-AECC-4047824BCDA0} = {F17F74D1-B71F-439D-A98B-FDE6D9A614B2}
		{A2A2A23B-A114-4132-B27F-3FBB16D1AD2A} = {F17F74D1-B71F-439D-A98B-FDE6D9A614B2}
		{07D1C82D-E102-4E1C-8B51-DF3B37A6BE98} = {F17F74D1-B71F-439D-A98B-FDE6D9A614B2}
		{7A937FF5-A616-46DB-A9E0-0E5F28E99EF5} = {F17F74D1-B71F-439D-A98B-FDE6D9A614B2}
		{D24BFE60-E3A5-483A-8D38-CDBAE9EDA5DB} = {F17F74D1-B71F-439D-A98B-FDE6D9A614B2}
		{D73A44FF-8818-41EC-8A8E-C36280F0832C} = {F17F74D1-B71F-439D-A98B-FDE6D9A614B2}
	EndGlobalSection
	GlobalSection(ExtensibilityGlobals) = postSolution
		SolutionGuid = {3FCB78E5-94B0-3CF6-A655-7C568D21823F}
	EndGlobalSection
EndGlobal
